
Microsoft Visual Studio Solution File, Format Version 9.00
# Visual Studio 2005
Project("{FAE04EC0-301F-11D3-BF4B-00C04F79EFBC}") = "CompleteGoogleSync_C", "CompleteGoogleSync_C\CompleteGoogleSync_C.csproj", "{9A757F1D-DF45-4F33-AE6D-9F6D99C573B2}"
EndProject
Project("{FAE04EC0-301F-11D3-BF4B-00C04F79EFBC}") = "CompleteGoogleSync_Lib", "CompleteGoogleSync_Lib\CompleteGoogleSync_Lib.csproj", "{3EB81D28-17C2-4A4F-9532-BCE89A4F51B8}"
EndProject
Global
	GlobalSection(SolutionConfigurationPlatforms) = preSolution
		Debug|Any CPU = Debug|Any CPU
		Release|Any CPU = Release|Any CPU
	EndGlobalSection
	GlobalSection(ProjectConfigurationPlatforms) = postSolution
		{9A757F1D-DF45-4F33-AE6D-9F6D99C573B2}.Debug|Any CPU.ActiveCfg = Debug|Any CPU
		{9A757F1D-DF45-4F33-AE6D-9F6D99C573B2}.Debug|Any CPU.Build.0 = Debug|Any CPU
		{9A757F1D-DF45-4F33-AE6D-9F6D99C573B2}.Release|Any CPU.ActiveCfg = Release|Any CPU
		{9A757F1D-DF45-4F33-AE6D-9F6D99C573B2}.Release|Any CPU.Build.0 = Release|Any CPU
		{3EB81D28-17C2-4A4F-9532-BCE89A4F51B8}.Debug|Any CPU.ActiveCfg = Debug|Any CPU
		{3EB81D28-17C2-4A4F-9532-BCE89A4F51B8}.Debug|Any CPU.Build.0 = Debug|Any CPU
		{3EB81D28-17C2-4A4F-9532-BCE89A4F51B8}.Release|Any CPU.ActiveCfg = Release|Any CPU
		{3EB81D28-17C2-4A4F-9532-BCE89A4F51B8}.Release|Any CPU.Build.0 = Release|Any CPU
	EndGlobalSection
	GlobalSection(SolutionProperties) = preSolution
		HideSolutionNode = FALSE
	EndGlobalSection
EndGlobal
